
Microsoft Visual Studio Solution File, Format Version 12.00
# Visual Studio Version 16
VisualStudioVersion = 16.0.29613.14
MinimumVisualStudioVersion = 10.0.40219.1
Project("{9A19103F-16F7-4668-BE54-9A1E7A4F7556}") = "SampleApp", "SampleApp.csproj", "{DA346E01-469B-476F-B8F4-E03D32195C18}"
EndProject
Project("{9A19103F-16F7-4668-BE54-9A1E7A4F7556}") = "EntitiesLib", "..\EntitiesLib\EntitiesLib.csproj", "{25A235DA-E19B-4F91-A5AF-5B402014852B}"
EndProject
Project("{9A19103F-16F7-4668-BE54-9A1E7A4F7556}") = "SimpleGrpcService", "..\SimpleGrpcService\SimpleGrpcService.csproj", "{DA7EB1AC-A1FE-40C4-87EB-66C22BD8506C}"
EndProject
Project("{9A19103F-16F7-4668-BE54-9A1E7A4F7556}") = "SimpleGrpcClient", "..\SimpleGrpcClient\SimpleGrpcClient.csproj", "{BAF91B20-B4A7-4004-B52B-4C1571737A0D}"
EndProject
Project("{FAE04EC0-301F-11D3-BF4B-00C04F79EFBC}") = "ReactSample", "..\ReactSample\ReactSample.csproj", "{A299FD7A-69EE-43F8-8507-0E9135832006}"
EndProject
Global
	GlobalSection(SolutionConfigurationPlatforms) = preSolution
		Debug|Any CPU = Debug|Any CPU
		Release|Any CPU = Release|Any CPU
	EndGlobalSection
	GlobalSection(ProjectConfigurationPlatforms) = postSolution
		{DA346E01-469B-476F-B8F4-E03D32195C18}.Debug|Any CPU.ActiveCfg = Debug|Any CPU
		{DA346E01-469B-476F-B8F4-E03D32195C18}.Debug|Any CPU.Build.0 = Debug|Any CPU
		{DA346E01-469B-476F-B8F4-E03D32195C18}.Release|Any CPU.ActiveCfg = Release|Any CPU
		{DA346E01-469B-476F-B8F4-E03D32195C18}.Release|Any CPU.Build.0 = Release|Any CPU
		{25A235DA-E19B-4F91-A5AF-5B402014852B}.Debug|Any CPU.ActiveCfg = Debug|Any CPU
		{25A235DA-E19B-4F91-A5AF-5B402014852B}.Debug|Any CPU.Build.0 = Debug|Any CPU
		{25A235DA-E19B-4F91-A5AF-5B402014852B}.Release|Any CPU.ActiveCfg = Release|Any CPU
		{25A235DA-E19B-4F91-A5AF-5B402014852B}.Release|Any CPU.Build.0 = Release|Any CPU
		{DA7EB1AC-A1FE-40C4-87EB-66C22BD8506C}.Debug|Any CPU.ActiveCfg = Debug|Any CPU
		{DA7EB1AC-A1FE-40C4-87EB-66C22BD8506C}.Debug|Any CPU.Build.0 = Debug|Any CPU
		{DA7EB1AC-A1FE-40C4-87EB-66C22BD8506C}.Release|Any CPU.ActiveCfg = Release|Any CPU
		{DA7EB1AC-A1FE-40C4-87EB-66C22BD8506C}.Release|Any CPU.Build.0 = Release|Any CPU
		{BAF91B20-B4A7-4004-B52B-4C1571737A0D}.Debug|Any CPU.ActiveCfg = Debug|Any CPU
		{BAF91B20-B4A7-4004-B52B-4C1571737A0D}.Debug|Any CPU.Build.0 = Debug|Any CPU
		{BAF91B20-B4A7-4004-B52B-4C1571737A0D}.Release|Any CPU.ActiveCfg = Release|Any CPU
		{BAF91B20-B4A7-4004-B52B-4C1571737A0D}.Release|Any CPU.Build.0 = Release|Any CPU
		{A299FD7A-69EE-43F8-8507-0E9135832006}.Debug|Any CPU.ActiveCfg = Debug|Any CPU
		{A299FD7A-69EE-43F8-8507-0E9135832006}.Debug|Any CPU.Build.0 = Debug|Any CPU
		{A299FD7A-69EE-43F8-8507-0E9135832006}.Release|Any CPU.ActiveCfg = Release|Any CPU
		{A299FD7A-69EE-43F8-8507-0E9135832006}.Release|Any CPU.Build.0 = Release|Any CPU
	EndGlobalSection
	GlobalSection(SolutionProperties) = preSolution
		HideSolutionNode = FALSE
	EndGlobalSection
	GlobalSection(ExtensibilityGlobals) = postSolution
		SolutionGuid = {3C5E414B-C0F4-4753-A924-BA930653A9B9}
	EndGlobalSection
EndGlobal
